
Microsoft Visual Studio Solution File, Format Version 12.00
Project("{FAE04EC0-301F-11D3-BF4B-00C04F79EFBC}") = "BlazorHolApp", "BlazorHolApp\BlazorHolApp.csproj", "{F9E1E083-597E-497A-96FF-7BA2269C99C6}"
EndProject
Project("{FAE04EC0-301F-11D3-BF4B-00C04F79EFBC}") = "BlazorHolData", "BlazorHolData\BlazorHolData.csproj", "{0FFF79FF-84F7-41B4-9350-802718BBC789}"
EndProject
Project("{FAE04EC0-301F-11D3-BF4B-00C04F79EFBC}") = "BlazorRenderModes", "BlazorRenderModes\BlazorRenderModes\BlazorRenderModes.csproj", "{F7430A03-02C4-4446-B70E-01BB137A789F}"
EndProject
Project("{FAE04EC0-301F-11D3-BF4B-00C04F79EFBC}") = "BlazorRenderModes.Client", "BlazorRenderModes\BlazorRenderModes.Client\BlazorRenderModes.Client.csproj", "{FCB62BEF-A85B-4FFA-9520-1A0786BF6CD9}"
EndProject
Global
	GlobalSection(SolutionConfigurationPlatforms) = preSolution
		Debug|Any CPU = Debug|Any CPU
		Release|Any CPU = Release|Any CPU
	EndGlobalSection
	GlobalSection(ProjectConfigurationPlatforms) = postSolution
		{F9E1E083-597E-497A-96FF-7BA2269C99C6}.Debug|Any CPU.ActiveCfg = Debug|Any CPU
		{F9E1E083-597E-497A-96FF-7BA2269C99C6}.Debug|Any CPU.Build.0 = Debug|Any CPU
		{F9E1E083-597E-497A-96FF-7BA2269C99C6}.Release|Any CPU.ActiveCfg = Release|Any CPU
		{F9E1E083-597E-497A-96FF-7BA2269C99C6}.Release|Any CPU.Build.0 = Release|Any CPU
		{0FFF79FF-84F7-41B4-9350-802718BBC789}.Debug|Any CPU.ActiveCfg = Debug|Any CPU
		{0FFF79FF-84F7-41B4-9350-802718BBC789}.Debug|Any CPU.Build.0 = Debug|Any CPU
		{0FFF79FF-84F7-41B4-9350-802718BBC789}.Release|Any CPU.ActiveCfg = Release|Any CPU
		{0FFF79FF-84F7-41B4-9350-802718BBC789}.Release|Any CPU.Build.0 = Release|Any CPU
		{F7430A03-02C4-4446-B70E-01BB137A789F}.Debug|Any CPU.ActiveCfg = Debug|Any CPU
		{F7430A03-02C4-4446-B70E-01BB137A789F}.Debug|Any CPU.Build.0 = Debug|Any CPU
		{F7430A03-02C4-4446-B70E-01BB137A789F}.Release|Any CPU.ActiveCfg = Release|Any CPU
		{F7430A03-02C4-4446-B70E-01BB137A789F}.Release|Any CPU.Build.0 = Release|Any CPU
		{FCB62BEF-A85B-4FFA-9520-1A0786BF6CD9}.Debug|Any CPU.ActiveCfg = Debug|Any CPU
		{FCB62BEF-A85B-4FFA-9520-1A0786BF6CD9}.Debug|Any CPU.Build.0 = Debug|Any CPU
		{FCB62BEF-A85B-4FFA-9520-1A0786BF6CD9}.Release|Any CPU.ActiveCfg = Release|Any CPU
		{FCB62BEF-A85B-4FFA-9520-1A0786BF6CD9}.Release|Any CPU.Build.0 = Release|Any CPU
	EndGlobalSection
EndGlobal
