
Microsoft Visual Studio Solution File, Format Version 12.00
Project("{FAE04EC0-301F-11D3-BF4B-00C04F79EFBC}") = "BlazorJsInterop", "BlazorJsInterop\BlazorJsInterop.csproj", "{3F018FA2-A81C-4E73-AE5B-8F2E737D3A97}"
EndProject
Global
	GlobalSection(SolutionConfigurationPlatforms) = preSolution
		Debug|Any CPU = Debug|Any CPU
		Release|Any CPU = Release|Any CPU
	EndGlobalSection
	GlobalSection(ProjectConfigurationPlatforms) = postSolution
		{3F018FA2-A81C-4E73-AE5B-8F2E737D3A97}.Debug|Any CPU.ActiveCfg = Debug|Any CPU
		{3F018FA2-A81C-4E73-AE5B-8F2E737D3A97}.Debug|Any CPU.Build.0 = Debug|Any CPU
		{3F018FA2-A81C-4E73-AE5B-8F2E737D3A97}.Release|Any CPU.ActiveCfg = Release|Any CPU
		{3F018FA2-A81C-4E73-AE5B-8F2E737D3A97}.Release|Any CPU.Build.0 = Release|Any CPU
	EndGlobalSection
EndGlobal
